{
  "lockfileVersion": 1,
  "configVersion": 1,
  "workspaces": {
    "": {
      "name": "music-routine-app",
      "dependencies": {
        "@tailwindcss/vite": "^4.3.0",
        "firebase": "^12.13.0",
        "nanoid": "^5.1.11",
        "tailwindcss": "^4.3.0",
      },
      "devDependencies": {
        "vite": "^8.0.11",
      },
    },
  },
  "packages": {
    "@emnapi/core": ["@emnapi/core@1.10.0", "", { "dependencies": { "@emnapi/wasi-threads": "1.2.1", "tslib": "^2.4.0" } }, "sha512-yq6OkJ4p82CAfPl0u9mQebQHKPJkY7WrIuk205cTYnYe+k2Z8YBh11FrbRG/H6ihirqcacOgl2BIO8oyMQLeXw=="],

    "@emnapi/runtime": ["@emnapi/runtime@1.10.0", "", { "dependencies": { "tslib": "^2.4.0" } }, "sha512-ewvYlk86xUoGI0zQRNq/mC+16R1QeDlKQy21Ki3oSYXNgLb45GV1P6A0M+/s6nyCuNDqe5VpaY84BzXGwVbwFA=="],

    "@emnapi/wasi-threads": ["@emnapi/wasi-threads@1.2.1", "", { "dependencies": { "tslib": "^2.4.0" } }, "sha512-uTII7OYF+/Mes/MrcIOYp5yOtSMLBWSIoLPpcgwipoiKbli6k322tcoFsxoIIxPDqW01SQGAgko4EzZi2BNv2w=="],

    "@firebase/ai": ["@firebase/ai@2.12.0", "", { "dependencies": { "@firebase/app-check-interop-types": "0.3.4", "@firebase/component": "0.7.3", "@firebase/logger": "0.5.1", "@firebase/util": "1.15.1", "tslib": "^2.1.0" }, "peerDependencies": { "@firebase/app": "0.x", "@firebase/app-types": "0.x" } }, "sha512-b+OL4vdyiSLZL/7dLd67V55CjKJvU9MpNmwnday7eA6GG2+J4iwUEsEHgw0/jKY3A41FfkF0SrnYFvtKbQZ65A=="],

    "@firebase/analytics": ["@firebase/analytics@0.10.22", "", { "dependencies": { "@firebase/component": "0.7.3", "@firebase/installations": "0.6.22", "@firebase/logger": "0.5.1", "@firebase/util": "1.15.1", "tslib": "^2.1.0" }, "peerDependencies": { "@firebase/app": "0.x" } }, "sha512-8BSaq/QRGU1+xyi8L2PTLTJU7MH9aMA72RQdIxrbhWFauOZY9OXo8f2YDN/972xA8d588tlnNVEQ2Mo69pT9Ow=="],

    "@firebase/analytics-compat": ["@firebase/analytics-compat@0.2.28", "", { "dependencies": { "@firebase/analytics": "0.10.22", "@firebase/analytics-types": "0.8.4", "@firebase/component": "0.7.3", "@firebase/util": "1.15.1", "tslib": "^2.1.0" }, "peerDependencies": { "@firebase/app-compat": "0.x" } }, "sha512-lIAlqUUbBu93FJMlQfslryQtBwwzdzvp23ePC6FNgymXk6Ook5v4Uvc0vdutvoIeqmyA3LfP0ZeRFK8+11kOOQ=="],

    "@firebase/analytics-types": ["@firebase/analytics-types@0.8.4", "", {}, "sha512-zQ+XTgkwH6CY/eUSHJRP7e4LxM30RCxlCmob5sy2axs25GE3Ny0XdgpDscMTHHQIGqWkxPXad4w2Mw9sCgT8zQ=="],

    "@firebase/app": ["@firebase/app@0.14.12", "", { "dependencies": { "@firebase/component": "0.7.3", "@firebase/logger": "0.5.1", "@firebase/util": "1.15.1", "idb": "7.1.1", "tslib": "^2.1.0" } }, "sha512-FT+HoNp1NdaZ/N26hCwV3WbxS1m6gTn3p2QRBQ3KH7YqyCQqJx0iT7126RgVk68/Rq+9DeL/zCFnHZ0C4u1nLQ=="],

    "@firebase/app-check": ["@firebase/app-check@0.11.3", "", { "dependencies": { "@firebase/component": "0.7.3", "@firebase/logger": "0.5.1", "@firebase/util": "1.15.1", "tslib": "^2.1.0" }, "peerDependencies": { "@firebase/app": "0.x" } }, "sha512-aJ4DfubWfTO8/2vhEhIAizOoOmiycESTU32e+OUgbWcS/G3PA4Vxlr/9zaiN2wfUG2AptQ7DTvj00tyuFZP5Bg=="],

    "@firebase/app-check-compat": ["@firebase/app-check-compat@0.4.3", "", { "dependencies": { "@firebase/app-check": "0.11.3", "@firebase/app-check-types": "0.5.4", "@firebase/component": "0.7.3", "@firebase/logger": "0.5.1", "@firebase/util": "1.15.1", "tslib": "^2.1.0" }, "peerDependencies": { "@firebase/app-compat": "0.x" } }, "sha512-L3AKIRTJxT9b7cDUH3OyV8gWTnmW3vYkwdzRsukWt4kbPBTct12xalnyvHDkm1lKkr+cQq/4uzBx1bOWsQ2ciw=="],

    "@firebase/app-check-interop-types": ["@firebase/app-check-interop-types@0.3.4", "", {}, "sha512-zz3i6e13B8BfWiLy8MABtTh8aGIACgKbf9UVnyHcWs+yQzJXgQcl8A46b0zfaiJHdQ+niF0ouAfcpuf+3LMPQg=="],

    "@firebase/app-check-types": ["@firebase/app-check-types@0.5.4", "", {}, "sha512-xV7JsIyzVr15aA7f3Pi0rB9gdBuVubs89FGA8VkRYA4g0l78poADgdfrScgf7NndSg9mm7cR7PJyY0+t22KaGw=="],

    "@firebase/app-compat": ["@firebase/app-compat@0.5.12", "", { "dependencies": { "@firebase/app": "0.14.12", "@firebase/component": "0.7.3", "@firebase/logger": "0.5.1", "@firebase/util": "1.15.1", "tslib": "^2.1.0" } }, "sha512-Pe513OBerK/CIBxz4/za9atd5MsZtd6DzHz4cmqkvkrcDWhQChAoHBpZ3McuZNuSP8YZiKwfX/J1frR07l15/w=="],

    "@firebase/app-types": ["@firebase/app-types@0.9.5", "", { "dependencies": { "@firebase/logger": "0.5.1" } }, "sha512-YevqTjvo7Iujsa9Dwowmd6dSoElhzmD63ZSrq6bzjvQ6POjYgNjOFHLmNIgJs48eNO093NCERibuFnxbfOvU7A=="],

    "@firebase/auth": ["@firebase/auth@1.13.1", "", { "dependencies": { "@firebase/component": "0.7.3", "@firebase/logger": "0.5.1", "@firebase/util": "1.15.1", "tslib": "^2.1.0" }, "peerDependencies": { "@firebase/app": "0.x", "@react-native-async-storage/async-storage": "^2.2.0 || ^3.0.0" }, "optionalPeers": ["@react-native-async-storage/async-storage"] }, "sha512-/1nkKY/MicI+I9WWcx6R4NKs77AaW9NQ0IwsFdUBomWrW0/cXEmopfM2dtLm2oI1qG6z6vom3CXZDHJIJXoMuw=="],

    "@firebase/auth-compat": ["@firebase/auth-compat@0.6.6", "", { "dependencies": { "@firebase/auth": "1.13.1", "@firebase/auth-types": "0.13.1", "@firebase/component": "0.7.3", "@firebase/util": "1.15.1", "tslib": "^2.1.0" }, "peerDependencies": { "@firebase/app-compat": "0.x" } }, "sha512-KDJ/GAf/rt7galOpn3DRb2buFfGkZCsHTryKjXDG0eeRnok4+2B4nnkMOMdjRnPkElmcJv2Ao0vEA6kp5m98PQ=="],

    "@firebase/auth-interop-types": ["@firebase/auth-interop-types@0.2.5", "", {}, "sha512-1Li/YuBDBAXcKv7BzY4U28gontUmAaw53sYiqbaVOMCFb2lFKK/c3CGMUWqtwe7+TXrl3poWnTCL5umYBg85Eg=="],

    "@firebase/auth-types": ["@firebase/auth-types@0.13.1", "", { "peerDependencies": { "@firebase/app-types": "0.x", "@firebase/util": "1.x" } }, "sha512-0c1Mnid0uMDfGJHeUS4zfvBa4/CedJXotGy/n/NZJnBjwiJawt0ZYU+wH2VAVLiRCEfG2ncCkAX3yd1/2nrB7g=="],

    "@firebase/component": ["@firebase/component@0.7.3", "", { "dependencies": { "@firebase/util": "1.15.1", "tslib": "^2.1.0" } }, "sha512-wFofIaa2879ogD/WvkjYXJxRmfnL0scen6ORgaC3na1FNOR9ASIUANQdhqQcmWu/h77/pVHY7ch5flewa5Bcew=="],

    "@firebase/data-connect": ["@firebase/data-connect@0.7.0", "", { "dependencies": { "@firebase/auth-interop-types": "0.2.5", "@firebase/component": "0.7.3", "@firebase/logger": "0.5.1", "@firebase/util": "1.15.1", "tslib": "^2.1.0" }, "peerDependencies": { "@firebase/app": "0.x" } }, "sha512-ar9sNOJh5poQCSMSVlnVE8eo8+usTD1POWDCv65omkKUvnFMcdXaQ7J/e7WGKqJzcEMgiezSX/TZiKHZkItMbQ=="],

    "@firebase/database": ["@firebase/database@1.1.3", "", { "dependencies": { "@firebase/app-check-interop-types": "0.3.4", "@firebase/auth-interop-types": "0.2.5", "@firebase/component": "0.7.3", "@firebase/logger": "0.5.1", "@firebase/util": "1.15.1", "faye-websocket": "0.11.4", "tslib": "^2.1.0" } }, "sha512-XwWCa+E4TvNGpGwXrycLRNfdogADwFcvuhyow6wDWma9W54roaQIhe+4PM0KiLsIftBdSCGI7OKCXrdSRHbIhw=="],

    "@firebase/database-compat": ["@firebase/database-compat@2.1.4", "", { "dependencies": { "@firebase/component": "0.7.3", "@firebase/database": "1.1.3", "@firebase/database-types": "1.0.20", "@firebase/logger": "0.5.1", "@firebase/util": "1.15.1", "tslib": "^2.1.0" } }, "sha512-3pK35F1MAgmqFJQlf2nhQl44vtAXQO1uaCaQOEUI9kCRtLFqi7N+QRKR7lFZPg+xIZIyubgxQaxY69YgfZRZWg=="],

    "@firebase/database-types": ["@firebase/database-types@1.0.20", "", { "dependencies": { "@firebase/app-types": "0.9.5", "@firebase/util": "1.15.1" } }, "sha512-kegbOk/w8iU64pr0q6k2ItyNGjnQBMHFhwS7ohdWI4W+pc0/zhhdGXTdFj6X1oxItRjPoYOsSQmERgBkn/ihxw=="],

    "@firebase/firestore": ["@firebase/firestore@4.14.1", "", { "dependencies": { "@firebase/component": "0.7.3", "@firebase/logger": "0.5.1", "@firebase/util": "1.15.1", "@firebase/webchannel-wrapper": "1.0.6", "@grpc/grpc-js": "~1.9.0", "@grpc/proto-loader": "^0.7.8", "tslib": "^2.1.0" }, "peerDependencies": { "@firebase/app": "0.x" } }, "sha512-PouS0NJZ3NYOZE/tPDvXa8VUeJ10Ll//7jIdFvMYdhQkd/P3O7nlqhyoTmY0h8Xa9hxg+H0j6gxUytJcoZ9YOg=="],

    "@firebase/firestore-compat": ["@firebase/firestore-compat@0.4.9", "", { "dependencies": { "@firebase/component": "0.7.3", "@firebase/firestore": "4.14.1", "@firebase/firestore-types": "3.0.4", "@firebase/util": "1.15.1", "tslib": "^2.1.0" }, "peerDependencies": { "@firebase/app-compat": "0.x" } }, "sha512-NPtBuFr79BbIQJXFWhW4xFC6rBksK8/ewqCTYbbAYfZBDDx0/iHTUj4WpKi5D4d0Pn2Md/3T/e5V9379G5N/Zg=="],

    "@firebase/firestore-types": ["@firebase/firestore-types@3.0.4", "", { "peerDependencies": { "@firebase/app-types": "0.x", "@firebase/util": "1.x" } }, "sha512-jGn+JSS4X9zZsrfu7Yw66v5YRdOLD1oyQh4USR0xWl4CUqV/DA6bNIXRPpxH/cUl3iVTNiP6MN7g+EL42A4qfA=="],

    "@firebase/functions": ["@firebase/functions@0.13.4", "", { "dependencies": { "@firebase/app-check-interop-types": "0.3.4", "@firebase/auth-interop-types": "0.2.5", "@firebase/component": "0.7.3", "@firebase/messaging-interop-types": "0.2.4", "@firebase/util": "1.15.1", "tslib": "^2.1.0" }, "peerDependencies": { "@firebase/app": "0.x" } }, "sha512-oB5rpm2Emxn2+IS1gRelAeT/5tSZMwM/KhqC5LnJsmTNnS1ZDhD7ZMZNgCI8vchTW6PbaXIwEnpUryGuIQsNbg=="],

    "@firebase/functions-compat": ["@firebase/functions-compat@0.4.4", "", { "dependencies": { "@firebase/component": "0.7.3", "@firebase/functions": "0.13.4", "@firebase/functions-types": "0.6.4", "@firebase/util": "1.15.1", "tslib": "^2.1.0" }, "peerDependencies": { "@firebase/app-compat": "0.x" } }, "sha512-Be+MwhseVf/eFAZwGrFJGok6S7cmsLrAPK8MgyM8LjM0MewTsx2n01WOOca9jio1UsCZOJ0aVyQobnINcdNuIQ=="],

    "@firebase/functions-types": ["@firebase/functions-types@0.6.4", "", {}, "sha512-zV6kgqtduR4rUAdC/ilS7kmb93XD7bEZoJDlVBZqlOw2uGGGCNBQBuleww2rr0Ulr3L9o2TDjumEt68/l1f9DQ=="],

    "@firebase/installations": ["@firebase/installations@0.6.22", "", { "dependencies": { "@firebase/component": "0.7.3", "@firebase/util": "1.15.1", "idb": "7.1.1", "tslib": "^2.1.0" }, "peerDependencies": { "@firebase/app": "0.x" } }, "sha512-ef6nn3GGQTdReCfotRMG77PJZu8CqEbiK5pEoBnM0gTu/Z9v0i/az2p3HABsa/1beQmmyh1OsOjf7P5+pgwdZw=="],

    "@firebase/installations-compat": ["@firebase/installations-compat@0.2.22", "", { "dependencies": { "@firebase/component": "0.7.3", "@firebase/installations": "0.6.22", "@firebase/installations-types": "0.5.4", "@firebase/util": "1.15.1", "tslib": "^2.1.0" }, "peerDependencies": { "@firebase/app-compat": "0.x" } }, "sha512-C/zpAuTP5S9OgKSPvXRupw3hoY/JZSlA1wFjD/Sb7LIQE0FNbcMdO8Y4KXVEkjVzma/DDDDIAzxEXqKMAzc88w=="],

    "@firebase/installations-types": ["@firebase/installations-types@0.5.4", "", { "peerDependencies": { "@firebase/app-types": "0.x" } }, "sha512-U2eFapdHwjb43Vx9o+Pmj4dFfvcHEK1IirEFLqMtWrTHvmdrS3gBpBD1kmJk/9HjsOtoHZxJ2Paoe79e+L1ZPg=="],

    "@firebase/logger": ["@firebase/logger@0.5.1", "", { "dependencies": { "tslib": "^2.1.0" } }, "sha512-vZKLsqE1ABOy8OjQiE7cUTFn4gvaqlk88yp8N94Pk/sDpq61YqZGqmVFZTvOyflTwuYFcWirBdYGoJgbDaXKYQ=="],

    "@firebase/messaging": ["@firebase/messaging@0.12.26", "", { "dependencies": { "@firebase/component": "0.7.3", "@firebase/installations": "0.6.22", "@firebase/messaging-interop-types": "0.2.4", "@firebase/util": "1.15.1", "idb": "7.1.1", "tslib": "^2.1.0" }, "peerDependencies": { "@firebase/app": "0.x" } }, "sha512-lHVTO9uLofymHVWkYeUtMddIPcmJvSzVbHRB88W6XKfxbcKF+p3QrfqKhDxremSB4NQjUla1Gwn7d9umSMmt/w=="],

    "@firebase/messaging-compat": ["@firebase/messaging-compat@0.2.26", "", { "dependencies": { "@firebase/component": "0.7.3", "@firebase/messaging": "0.12.26", "@firebase/util": "1.15.1", "tslib": "^2.1.0" }, "peerDependencies": { "@firebase/app-compat": "0.x" } }, "sha512-fn0XvWOfK4tsDLSipwJUW9Cp6ahWA6z+iJHxZ0pHp9MzMSUNQx85yuxZAuI7gkGXfqs7+DqEDHyyS7jDGswrmQ=="],

    "@firebase/messaging-interop-types": ["@firebase/messaging-interop-types@0.2.4", "", {}, "sha512-wrzITQq+xw5LtygX7O0fu43/k9ABQ4x5H9/sR5m1SbNnhIRI5xd3+raSNJaJkYC4BUhM9A4ZNSnyR2sjhxnb2Q=="],

    "@firebase/performance": ["@firebase/performance@0.7.12", "", { "dependencies": { "@firebase/component": "0.7.3", "@firebase/installations": "0.6.22", "@firebase/logger": "0.5.1", "@firebase/util": "1.15.1", "tslib": "^2.1.0", "web-vitals": "^4.2.4" }, "peerDependencies": { "@firebase/app": "0.x" } }, "sha512-fe7nV8teUU3OBHlMUZ9Lw4gLhCW2k4m5Uc3pfWGV+fl8uwJQBGp9Q3lqsJ+HSrFu3Q2pJyLAgrClPGSKyDeYgQ=="],

    "@firebase/performance-compat": ["@firebase/performance-compat@0.2.25", "", { "dependencies": { "@firebase/component": "0.7.3", "@firebase/logger": "0.5.1", "@firebase/performance": "0.7.12", "@firebase/performance-types": "0.2.4", "@firebase/util": "1.15.1", "tslib": "^2.1.0" }, "peerDependencies": { "@firebase/app-compat": "0.x" } }, "sha512-q6NjTXpIPoFuUmCmMN/maCdTgzT6aExs9xZo+PxfVLj6uLVGvpyAD6XWjmcrb7jChsFBYbq7E5dyNDF7Zhy9kA=="],

    "@firebase/performance-types": ["@firebase/performance-types@0.2.4", "", {}, "sha512-kJSEk7b0uhpcPRyL4SQ/GPujLqk52XNKcXlnsKDbWGAb9vugcLvOU3u6zfEdwd+d8hWJb5S5ZizV1JFFI0nkKg=="],

    "@firebase/remote-config": ["@firebase/remote-config@0.8.3", "", { "dependencies": { "@firebase/component": "0.7.3", "@firebase/installations": "0.6.22", "@firebase/logger": "0.5.1", "@firebase/util": "1.15.1", "tslib": "^2.1.0" }, "peerDependencies": { "@firebase/app": "0.x" } }, "sha512-ggGKAaLy9YNOvpFoQZgm5p5SiFw3ZFtwti08dojnBQmQicpThTxvG5xZMSpCTYMj2o3gM/yK9CVd2w+kZub8YA=="],

    "@firebase/remote-config-compat": ["@firebase/remote-config-compat@0.2.24", "", { "dependencies": { "@firebase/component": "0.7.3", "@firebase/logger": "0.5.1", "@firebase/remote-config": "0.8.3", "@firebase/remote-config-types": "0.5.1", "@firebase/util": "1.15.1", "tslib": "^2.1.0" }, "peerDependencies": { "@firebase/app-compat": "0.x" } }, "sha512-EWZTt6fJ7YmPHodQNsSxAIDZY2x8P5kRPvXAc5CmzzBm+NyPFhODbfDsNllDXDL8jlzp50bVWjDY+BXepZS9Mg=="],

    "@firebase/remote-config-types": ["@firebase/remote-config-types@0.5.1", "", {}, "sha512-cX/1LT6KQwkXzck2eSzeKnuvXZCyr8qaPpDcikoJs7jmI+oBOXixpDLeDtWj1U6GNMkIoXrEDNoyT2Ypcyp5/A=="],

    "@firebase/storage": ["@firebase/storage@0.14.3", "", { "dependencies": { "@firebase/component": "0.7.3", "@firebase/util": "1.15.1", "tslib": "^2.1.0" }, "peerDependencies": { "@firebase/app": "0.x" } }, "sha512-YX4/YL6P6/fufSSeGnVhjWddcIXbFq2cWIhMKFTZo1E/Rtcl2mJj/BYUQTwJfcE1Tl8un1FOya4L05jcSLN/Eg=="],

    "@firebase/storage-compat": ["@firebase/storage-compat@0.4.3", "", { "dependencies": { "@firebase/component": "0.7.3", "@firebase/storage": "0.14.3", "@firebase/storage-types": "0.8.4", "@firebase/util": "1.15.1", "tslib": "^2.1.0" }, "peerDependencies": { "@firebase/app-compat": "0.x" } }, "sha512-gruVqjtUGX8tEoeNbaWXZm0Zfcfcb7fvmDmBxV8yPAbWvExRnZYLO2+qw9idxNE7BvPXt5csyjSYHy//dAizxw=="],

    "@firebase/storage-types": ["@firebase/storage-types@0.8.4", "", { "peerDependencies": { "@firebase/app-types": "0.x", "@firebase/util": "1.x" } }, "sha512-BT7cwxJOx8SWwlQfrlC+bD/Sk3Cw+1odCi8UZNFNWTVZoPsBnA5W+mqtZzVnvsdJpXCFGSGQ7R7vOR6dtM/BRA=="],

    "@firebase/util": ["@firebase/util@1.15.1", "", { "dependencies": { "tslib": "^2.1.0" } }, "sha512-LUdM4Wg7YM9Pq/49nGYySJA0CSQEKnGffFzWV8+6gXN7mGxn+FL1IqvFbuZUtAQcfZgHYDwCE1wwlK7rB7gl2g=="],

    "@firebase/webchannel-wrapper": ["@firebase/webchannel-wrapper@1.0.6", "", {}, "sha512-Vr/Mqu79dMwGRAyGbJ4uN4+BtXB3/mRTdzetD1daWNeG8QaWuzhhbG77GltO5c0yYmYls8i250iX73624GJd7Q=="],

    "@grpc/grpc-js": ["@grpc/grpc-js@1.9.15", "", { "dependencies": { "@grpc/proto-loader": "^0.7.8", "@types/node": ">=12.12.47" } }, "sha512-nqE7Hc0AzI+euzUwDAy0aY5hCp10r734gMGRdU+qOPX0XSceI2ULrcXB5U2xSc5VkWwalCj4M7GzCAygZl2KoQ=="],

    "@grpc/proto-loader": ["@grpc/proto-loader@0.7.15", "", { "dependencies": { "lodash.camelcase": "^4.3.0", "long": "^5.0.0", "protobufjs": "^7.2.5", "yargs": "^17.7.2" }, "bin": { "proto-loader-gen-types": "build/bin/proto-loader-gen-types.js" } }, "sha512-tMXdRCfYVixjuFK+Hk0Q1s38gV9zDiDJfWL3h1rv4Qc39oILCu1TRTDt7+fGUI8K4G1Fj125Hx/ru3azECWTyQ=="],

    "@jridgewell/gen-mapping": ["@jridgewell/gen-mapping@0.3.13", "", { "dependencies": { "@jridgewell/sourcemap-codec": "^1.5.0", "@jridgewell/trace-mapping": "^0.3.24" } }, "sha512-2kkt/7niJ6MgEPxF0bYdQ6etZaA+fQvDcLKckhy1yIQOzaoKjBBjSj63/aLVjYE3qhRt5dvM+uUyfCg6UKCBbA=="],

    "@jridgewell/remapping": ["@jridgewell/remapping@2.3.5", "", { "dependencies": { "@jridgewell/gen-mapping": "^0.3.5", "@jridgewell/trace-mapping": "^0.3.24" } }, "sha512-LI9u/+laYG4Ds1TDKSJW2YPrIlcVYOwi2fUC6xB43lueCjgxV4lffOCZCtYFiH6TNOX+tQKXx97T4IKHbhyHEQ=="],

    "@jridgewell/resolve-uri": ["@jridgewell/resolve-uri@3.1.2", "", {}, "sha512-bRISgCIjP20/tbWSPWMEi54QVPRZExkuD9lJL+UIxUKtwVJA8wW1Trb1jMs1RFXo1CBTNZ/5hpC9QvmKWdopKw=="],

    "@jridgewell/sourcemap-codec": ["@jridgewell/sourcemap-codec@1.5.5", "", {}, "sha512-cYQ9310grqxueWbl+WuIUIaiUaDcj7WOq5fVhEljNVgRfOUhY9fy2zTvfoqWsnebh8Sl70VScFbICvJnLKB0Og=="],

    "@jridgewell/trace-mapping": ["@jridgewell/trace-mapping@0.3.31", "", { "dependencies": { "@jridgewell/resolve-uri": "^3.1.0", "@jridgewell/sourcemap-codec": "^1.4.14" } }, "sha512-zzNR+SdQSDJzc8joaeP8QQoCQr8NuYx2dIIytl1QeBEZHJ9uW6hebsrYgbz8hJwUQao3TWCMtmfV8Nu1twOLAw=="],

    "@napi-rs/wasm-runtime": ["@napi-rs/wasm-runtime@1.1.4", "", { "dependencies": { "@tybys/wasm-util": "^0.10.1" }, "peerDependencies": { "@emnapi/core": "^1.7.1", "@emnapi/runtime": "^1.7.1" } }, "sha512-3NQNNgA1YSlJb/kMH1ildASP9HW7/7kYnRI2szWJaofaS1hWmbGI4H+d3+22aGzXXN9IJ+n+GiFVcGipJP18ow=="],

    "@oxc-project/types": ["@oxc-project/types@0.128.0", "", {}, "sha512-huv1Y/LzBJkBVHt3OlC7u0zHBW9qXf1FdD7sGmc1rXc2P1mTwHssYv7jyGx5KAACSCH+9B3Bhn6Z9luHRvf7pQ=="],

    "@protobufjs/aspromise": ["@protobufjs/aspromise@1.1.2", "", {}, "sha512-j+gKExEuLmKwvz3OgROXtrJ2UG2x8Ch2YZUxahh+s1F2HZ+wAceUNLkvy6zKCPVRkU++ZWQrdxsUeQXmcg4uoQ=="],

    "@protobufjs/base64": ["@protobufjs/base64@1.1.2", "", {}, "sha512-AZkcAA5vnN/v4PDqKyMR5lx7hZttPDgClv83E//FMNhR2TMcLUhfRUBHCmSl0oi9zMgDDqRUJkSxO3wm85+XLg=="],

    "@protobufjs/codegen": ["@protobufjs/codegen@2.0.5", "", {}, "sha512-zgXFLzW3Ap33e6d0Wlj4MGIm6Ce8O89n/apUaGNB/jx+hw+ruWEp7EwGUshdLKVRCxZW12fp9r40E1mQrf/34g=="],

    "@protobufjs/eventemitter": ["@protobufjs/eventemitter@1.1.0", "", {}, "sha512-j9ednRT81vYJ9OfVuXG6ERSTdEL1xVsNgqpkxMsbIabzSo3goCjDIveeGv5d03om39ML71RdmrGNjG5SReBP/Q=="],

    "@protobufjs/fetch": ["@protobufjs/fetch@1.1.0", "", { "dependencies": { "@protobufjs/aspromise": "^1.1.1", "@protobufjs/inquire": "^1.1.0" } }, "sha512-lljVXpqXebpsijW71PZaCYeIcE5on1w5DlQy5WH6GLbFryLUrBD4932W/E2BSpfRJWseIL4v/KPgBFxDOIdKpQ=="],

    "@protobufjs/float": ["@protobufjs/float@1.0.2", "", {}, "sha512-Ddb+kVXlXst9d+R9PfTIxh1EdNkgoRe5tOX6t01f1lYWOvJnSPDBlG241QLzcyPdoNTsblLUdujGSE4RzrTZGQ=="],

    "@protobufjs/inquire": ["@protobufjs/inquire@1.1.1", "", {}, "sha512-mnzgDV26ueAvk7rsbt9L7bE0SuAoqyuys/sMMrmVcN5x9VsxpcG3rqAUSgDyLp0UZlmNfIbQ4fHfCtreVBk8Ew=="],

    "@protobufjs/path": ["@protobufjs/path@1.1.2", "", {}, "sha512-6JOcJ5Tm08dOHAbdR3GrvP+yUUfkjG5ePsHYczMFLq3ZmMkAD98cDgcT2iA1lJ9NVwFd4tH/iSSoe44YWkltEA=="],

    "@protobufjs/pool": ["@protobufjs/pool@1.1.0", "", {}, "sha512-0kELaGSIDBKvcgS4zkjz1PeddatrjYcmMWOlAuAPwAeccUrPHdUqo/J6LiymHHEiJT5NrF1UVwxY14f+fy4WQw=="],

    "@protobufjs/utf8": ["@protobufjs/utf8@1.1.1", "", {}, "sha512-oOAWABowe8EAbMyWKM0tYDKi8Yaox52D+HWZhAIJqQXbqe0xI/GV7FhLWqlEKreMkfDjshR5FKgi3mnle0h6Eg=="],

    "@rolldown/binding-android-arm64": ["@rolldown/binding-android-arm64@1.0.0-rc.18", "", { "os": "android", "cpu": "arm64" }, "sha512-lIDyUAfD7U3+BWKzdxMbJcsYHuqXqmGz40aeRqvuAm3y5TkJSYTBW2RDrn65DJFPQqVjUAUqq5uz8urzQ8aBdQ=="],

    "@rolldown/binding-darwin-arm64": ["@rolldown/binding-darwin-arm64@1.0.0-rc.18", "", { "os": "darwin", "cpu": "arm64" }, "sha512-apJq2ktnGp27nSInMR5Vcj8kY6xJzDAvfdIFlpDcAK/w4cDO58qVoi1YQsES/SKiFNge/6e4CUzgjfHduYqWpQ=="],

    "@rolldown/binding-darwin-x64": ["@rolldown/binding-darwin-x64@1.0.0-rc.18", "", { "os": "darwin", "cpu": "x64" }, "sha512-5Ofot8xbs+pxRHJqm9/9N/4sTQOvdrwEsmPE9pdLEEoAbdZtG6F2LMDfO1sp6ZAtXJuJV/21ew2srq3W8NXB5g=="],

    "@rolldown/binding-freebsd-x64": ["@rolldown/binding-freebsd-x64@1.0.0-rc.18", "", { "os": "freebsd", "cpu": "x64" }, "sha512-7h8eeOTT1eyqJyx64BFCnWZpNm486hGWt2sqeLLgDxA0xI1oGZ9H7gK1S85uNGmBhkdPwa/6reTxfFFKvIsebw=="],

    "@rolldown/binding-linux-arm-gnueabihf": ["@rolldown/binding-linux-arm-gnueabihf@1.0.0-rc.18", "", { "os": "linux", "cpu": "arm" }, "sha512-eRcm/HVt9U/JFu5RKAEKwGQYtDCKWLiaH6wOnsSEp6NMBb/3Os8LgHZlNyzMpFVNmiiMFlfb2zEnebfzJrHFmg=="],

    "@rolldown/binding-linux-arm64-gnu": ["@rolldown/binding-linux-arm64-gnu@1.0.0-rc.18", "", { "os": "linux", "cpu": "arm64" }, "sha512-SOrT/cT4ukTmgnrEz/Hg3m7LBnuCLW9psDeMKrimRWY4I8DmnO7Lco8W2vtqPmMkbVu8iJ+g4GFLVLLOVjJ9DQ=="],

    "@rolldown/binding-linux-arm64-musl": ["@rolldown/binding-linux-arm64-musl@1.0.0-rc.18", "", { "os": "linux", "cpu": "arm64" }, "sha512-QWjdxN1HJCpBTAcZ5N5F7wju3gVPzRzSpmGzx7na0c/1qpN9CFil+xt+l9lV/1M6/gqHSNXCiqPfwhVJPeLnug=="],

    "@rolldown/binding-linux-ppc64-gnu": ["@rolldown/binding-linux-ppc64-gnu@1.0.0-rc.18", "", { "os": "linux", "cpu": "ppc64" }, "sha512-ugCOyj7a4d9h3q9B+wXmf6g3a68UsjGh6dob5DHevHGMwDUbhsYNbSPxJsENcIttJZ9jv7qGM2UesLw5jqIhdg=="],

    "@rolldown/binding-linux-s390x-gnu": ["@rolldown/binding-linux-s390x-gnu@1.0.0-rc.18", "", { "os": "linux", "cpu": "s390x" }, "sha512-kKWRhbsotpXkGbcd5dllUWg5gEXcDAa8u5YnP9AV5DYNbvJHGzzuwv7dpmhc8NqKMJldl0a+x76IHbspEpEmdA=="],

    "@rolldown/binding-linux-x64-gnu": ["@rolldown/binding-linux-x64-gnu@1.0.0-rc.18", "", { "os": "linux", "cpu": "x64" }, "sha512-uCo8ElcCIAMyYAZyuIZ81oFkhTSIllNvUCHCAlbhlN4ji3uC28h7IIdlXyIvGO7HsuqnV9p3rD/bpH7XhIyhRw=="],

    "@rolldown/binding-linux-x64-musl": ["@rolldown/binding-linux-x64-musl@1.0.0-rc.18", "", { "os": "linux", "cpu": "x64" }, "sha512-XNOQZtuE6yUIvx4rwGemwh8kpL1xvU41FXy/s9K7T/3JVcqGzo3NfKM2HrbrGgfPYGFW42f07Wk++aOC6B9NWA=="],

    "@rolldown/binding-openharmony-arm64": ["@rolldown/binding-openharmony-arm64@1.0.0-rc.18", "", { "os": "none", "cpu": "arm64" }, "sha512-tSn/kzrfa7tNOXr7sEacDBN4YsIqTyLqh45IO0nHDwtpKIDNDJr+VFojt+4klSpChxB29JLyduSsE0MKEwa65A=="],

    "@rolldown/binding-wasm32-wasi": ["@rolldown/binding-wasm32-wasi@1.0.0-rc.18", "", { "dependencies": { "@emnapi/core": "1.10.0", "@emnapi/runtime": "1.10.0", "@napi-rs/wasm-runtime": "^1.1.4" }, "cpu": "none" }, "sha512-+J9YGmc+czgqlhYmwun3S3O0FIZhsH8ep2456xwjAdIOmuJxM7xz4P4PtrxU+Bz17a/5bqPA8o3HAAoX0teUdg=="],

    "@rolldown/binding-win32-arm64-msvc": ["@rolldown/binding-win32-arm64-msvc@1.0.0-rc.18", "", { "os": "win32", "cpu": "arm64" }, "sha512-zsu47DgU0FQzSwi6sU9dZoEdUv7pc1AptSEz/Z8HBg54sV0Pbs3N0+CrIbTsgiu6EyoaNN9CHboqbLaz9lhOyQ=="],

    "@rolldown/binding-win32-x64-msvc": ["@rolldown/binding-win32-x64-msvc@1.0.0-rc.18", "", { "os": "win32", "cpu": "x64" }, "sha512-7H+3yqGgmnlDTRRhw/xpYY9J1kf4GC681nVc4GqKhExZTDrVVrV2tsOR9kso0fvgBdcTCcQShx4SLLoHgaLwhg=="],

    "@rolldown/pluginutils": ["@rolldown/pluginutils@1.0.0-rc.18", "", {}, "sha512-CUY5Mnhe64xQBGZEEXQ5WyZwsc1JU3vAZLIxtrsBt3LO6UOb+C8GunVKqe9sT8NeWb4lqSaoJtp2xo6GxT1MNw=="],

    "@tailwindcss/node": ["@tailwindcss/node@4.3.0", "", { "dependencies": { "@jridgewell/remapping": "^2.3.5", "enhanced-resolve": "^5.21.0", "jiti": "^2.6.1", "lightningcss": "1.32.0", "magic-string": "^0.30.21", "source-map-js": "^1.2.1", "tailwindcss": "4.3.0" } }, "sha512-aFb4gUhFOgdh9AXo4IzBEOzBkkAxm9VigwDJnMIYv3lcfXCJVesNfbEaBl4BNgVRyid92AmdviqwBUBRKSeY3g=="],

    "@tailwindcss/oxide": ["@tailwindcss/oxide@4.3.0", "", { "optionalDependencies": { "@tailwindcss/oxide-android-arm64": "4.3.0", "@tailwindcss/oxide-darwin-arm64": "4.3.0", "@tailwindcss/oxide-darwin-x64": "4.3.0", "@tailwindcss/oxide-freebsd-x64": "4.3.0", "@tailwindcss/oxide-linux-arm-gnueabihf": "4.3.0", "@tailwindcss/oxide-linux-arm64-gnu": "4.3.0", "@tailwindcss/oxide-linux-arm64-musl": "4.3.0", "@tailwindcss/oxide-linux-x64-gnu": "4.3.0", "@tailwindcss/oxide-linux-x64-musl": "4.3.0", "@tailwindcss/oxide-wasm32-wasi": "4.3.0", "@tailwindcss/oxide-win32-arm64-msvc": "4.3.0", "@tailwindcss/oxide-win32-x64-msvc": "4.3.0" } }, "sha512-F7HZGBeN9I0/AuuJS5PwcD8xayx5ri5GhjYUDBEVYUkexyA/giwbDNjRVrxSezE3T250OU2K/wp/ltWx3UOefg=="],

    "@tailwindcss/oxide-android-arm64": ["@tailwindcss/oxide-android-arm64@4.3.0", "", { "os": "android", "cpu": "arm64" }, "sha512-TJPiq67tKlLuObP6RkwvVGDoxCMBVtDgKkLfa/uyj7/FyxvQwHS+UOnVrXXgbEsfUaMgiVvC4KbJnRr26ho4Ng=="],

    "@tailwindcss/oxide-darwin-arm64": ["@tailwindcss/oxide-darwin-arm64@4.3.0", "", { "os": "darwin", "cpu": "arm64" }, "sha512-oMN/WZRb+SO37BmUElEgeEWuU8E/HXRkiODxJxLe1UTHVXLrdVSgfaJV7pSlhRGMSOiXLuxTIjfsF3wYvz8cgQ=="],

    "@tailwindcss/oxide-darwin-x64": ["@tailwindcss/oxide-darwin-x64@4.3.0", "", { "os": "darwin", "cpu": "x64" }, "sha512-N6CUmu4a6bKVADfw77p+iw6Yd9Q3OBhe0veaDX+QazfuVYlQsHfDgxBrsjQ/IW+zywL8mTrNd0SdJT/zgtvMdA=="],

    "@tailwindcss/oxide-freebsd-x64": ["@tailwindcss/oxide-freebsd-x64@4.3.0", "", { "os": "freebsd", "cpu": "x64" }, "sha512-zDL5hBkQdH5C6MpqbK3gQAgP80tsMwSI26vjOzjJtNCMUo0lFgOItzHKBIupOZNQxt3ouPH7RPhvNhiTfCe5CQ=="],

    "@tailwindcss/oxide-linux-arm-gnueabihf": ["@tailwindcss/oxide-linux-arm-gnueabihf@4.3.0", "", { "os": "linux", "cpu": "arm" }, "sha512-R06HdNi7A7OEoMsf6d4tjZ71RCWnZQPHj2mnotSFURjNLdBC+cIgXQ7l81CqeoiQftjf6OOblxXMInMgN2VzMA=="],

    "@tailwindcss/oxide-linux-arm64-gnu": ["@tailwindcss/oxide-linux-arm64-gnu@4.3.0", "", { "os": "linux", "cpu": "arm64" }, "sha512-qTJHELX8jetjhRQHCLilkVLmybpzNQAtaI/gaoVoidn/ufbNDbAo8KlK2J+yPoc8wQxvDxCmh/5lr8nC1+lTbg=="],

    "@tailwindcss/oxide-linux-arm64-musl": ["@tailwindcss/oxide-linux-arm64-musl@4.3.0", "", { "os": "linux", "cpu": "arm64" }, "sha512-Z6sukiQsngnWO+l39X4pPbiWT81IC+PLKF+PHxIlyZbGNb9MODfYlXEVlFvej5BOZInWX01kVyzeLvHsXhfczQ=="],

    "@tailwindcss/oxide-linux-x64-gnu": ["@tailwindcss/oxide-linux-x64-gnu@4.3.0", "", { "os": "linux", "cpu": "x64" }, "sha512-DRNdQRpSGzRGfARVuVkxvM8Q12nh19l4BF/G7zGA1oe+9wcC6saFBHTISrpIcKzhiXtSrlSrluCfvMuledoCTQ=="],

    "@tailwindcss/oxide-linux-x64-musl": ["@tailwindcss/oxide-linux-x64-musl@4.3.0", "", { "os": "linux", "cpu": "x64" }, "sha512-Z0IADbDo8bh6I7h2IQMx601AdXBLfFpEdUotft86evd/8ZPflZe9COPO8Q1vw+pfLWIUo9zN/JGZvwuAJqduqg=="],

    "@tailwindcss/oxide-wasm32-wasi": ["@tailwindcss/oxide-wasm32-wasi@4.3.0", "", { "dependencies": { "@emnapi/core": "^1.10.0", "@emnapi/runtime": "^1.10.0", "@emnapi/wasi-threads": "^1.2.1", "@napi-rs/wasm-runtime": "^1.1.4", "@tybys/wasm-util": "^0.10.1", "tslib": "^2.8.1" }, "cpu": "none" }, "sha512-HNZGOUxEmElksYR7S6sC5jTeNGpobAsy9u7Gu0AskJ8/20FR9GqebUyB+HBcU/ax6BHuiuJi+Oda4B+YX6H1yA=="],

    "@tailwindcss/oxide-win32-arm64-msvc": ["@tailwindcss/oxide-win32-arm64-msvc@4.3.0", "", { "os": "win32", "cpu": "arm64" }, "sha512-Pe+RPVTi1T+qymuuRpcdvwSVZjnll/f7n8gBxMMh3xLTctMDKqpdfGimbMyioqtLhUYZxdJ9wGNhV7MKHvgZsQ=="],

    "@tailwindcss/oxide-win32-x64-msvc": ["@tailwindcss/oxide-win32-x64-msvc@4.3.0", "", { "os": "win32", "cpu": "x64" }, "sha512-Mvrf2kXW/yeW/OTezZlCGOirXRcUuLIBx/5Y12BaPM7wJoryG6dfS/NJL8aBPqtTEx/Vm4T4vKzFUcKDT+TKUA=="],

    "@tailwindcss/vite": ["@tailwindcss/vite@4.3.0", "", { "dependencies": { "@tailwindcss/node": "4.3.0", "@tailwindcss/oxide": "4.3.0", "tailwindcss": "4.3.0" }, "peerDependencies": { "vite": "^5.2.0 || ^6 || ^7 || ^8" } }, "sha512-t6J3OrB5Fc0ExuhohouH0fWUGMYL6PTLhW+E7zIk/pdbnJARZDCwjBznFnkh5ynRnIRSI4YjtTH0t6USjJISrw=="],

    "@tybys/wasm-util": ["@tybys/wasm-util@0.10.2", "", { "dependencies": { "tslib": "^2.4.0" } }, "sha512-RoBvJ2X0wuKlWFIjrwffGw1IqZHKQqzIchKaadZZfnNpsAYp2mM0h36JtPCjNDAHGgYez/15uMBpfGwchhiMgg=="],

    "@types/node": ["@types/node@25.7.0", "", { "dependencies": { "undici-types": "~7.21.0" } }, "sha512-z+pdZyxE+RTQE9AcboAZCb4otwcrvgHD+GlBpPgn0emDVt0ohrTMhAwlr2Wd9nZ+nihhYFxO2pThz3C5qSu2Eg=="],

    "ansi-regex": ["ansi-regex@5.0.1", "", {}, "sha512-quJQXlTSUGL2LH9SUXo8VwsY4soanhgo6LNSm84E1LBcE8s3O0wpdiRzyR9z/ZZJMlMWv37qOOb9pdJlMUEKFQ=="],

    "ansi-styles": ["ansi-styles@4.3.0", "", { "dependencies": { "color-convert": "^2.0.1" } }, "sha512-zbB9rCJAT1rbjiVDb2hqKFHNYLxgtk8NURxZ3IZwD3F6NtxbXZQCnnSi1Lkx+IDohdPlFp222wVALIheZJQSEg=="],

    "cliui": ["cliui@8.0.1", "", { "dependencies": { "string-width": "^4.2.0", "strip-ansi": "^6.0.1", "wrap-ansi": "^7.0.0" } }, "sha512-BSeNnyus75C4//NQ9gQt1/csTXyo/8Sb+afLAkzAptFuMsod9HFokGNudZpi/oQV73hnVK+sR+5PVRMd+Dr7YQ=="],

    "color-convert": ["color-convert@2.0.1", "", { "dependencies": { "color-name": "~1.1.4" } }, "sha512-RRECPsj7iu/xb5oKYcsFHSppFNnsj/52OVTRKb4zP5onXwVF3zVmmToNcOfGC+CRDpfK/U584fMg38ZHCaElKQ=="],

    "color-name": ["color-name@1.1.4", "", {}, "sha512-dOy+3AuW3a2wNbZHIuMZpTcgjGuLU/uBL/ubcZF9OXbDo8ff4O8yVp5Bf0efS8uEoYo5q4Fx7dY9OgQGXgAsQA=="],

    "detect-libc": ["detect-libc@2.1.2", "", {}, "sha512-Btj2BOOO83o3WyH59e8MgXsxEQVcarkUOpEYrubB0urwnN10yQ364rsiByU11nZlqWYZm05i/of7io4mzihBtQ=="],

    "emoji-regex": ["emoji-regex@8.0.0", "", {}, "sha512-MSjYzcWNOA0ewAHpz0MxpYFvwg6yjy1NG3xteoqz644VCo/RPgnr1/GGt+ic3iJTzQ8Eu3TdM14SawnVUmGE6A=="],

    "enhanced-resolve": ["enhanced-resolve@5.21.2", "", { "dependencies": { "graceful-fs": "^4.2.4", "tapable": "^2.3.3" } }, "sha512-xe9vQb5kReirPUxgQrXA3ihgbCqssmTiM7cOZ+Gzu+VeGWgpV98lLZvp0dl4yriyAePcewxGUs9UpKD8PET9KQ=="],

    "escalade": ["escalade@3.2.0", "", {}, "sha512-WUj2qlxaQtO4g6Pq5c29GTcWGDyd8itL8zTlipgECz3JesAiiOKotd8JU6otB3PACgG6xkJUyVhboMS+bje/jA=="],

    "faye-websocket": ["faye-websocket@0.11.4", "", { "dependencies": { "websocket-driver": ">=0.5.1" } }, "sha512-CzbClwlXAuiRQAlUyfqPgvPoNKTckTPGfwZV4ZdAhVcP2lh9KUxJg2b5GkE7XbjKQ3YJnQ9z6D9ntLAlB+tP8g=="],

    "fdir": ["fdir@6.5.0", "", { "peerDependencies": { "picomatch": "^3 || ^4" }, "optionalPeers": ["picomatch"] }, "sha512-tIbYtZbucOs0BRGqPJkshJUYdL+SDH7dVM8gjy+ERp3WAUjLEFJE+02kanyHtwjWOnwrKYBiwAmM0p4kLJAnXg=="],

    "firebase": ["firebase@12.13.0", "", { "dependencies": { "@firebase/ai": "2.12.0", "@firebase/analytics": "0.10.22", "@firebase/analytics-compat": "0.2.28", "@firebase/app": "0.14.12", "@firebase/app-check": "0.11.3", "@firebase/app-check-compat": "0.4.3", "@firebase/app-compat": "0.5.12", "@firebase/app-types": "0.9.5", "@firebase/auth": "1.13.1", "@firebase/auth-compat": "0.6.6", "@firebase/data-connect": "0.7.0", "@firebase/database": "1.1.3", "@firebase/database-compat": "2.1.4", "@firebase/firestore": "4.14.1", "@firebase/firestore-compat": "0.4.9", "@firebase/functions": "0.13.4", "@firebase/functions-compat": "0.4.4", "@firebase/installations": "0.6.22", "@firebase/installations-compat": "0.2.22", "@firebase/messaging": "0.12.26", "@firebase/messaging-compat": "0.2.26", "@firebase/performance": "0.7.12", "@firebase/performance-compat": "0.2.25", "@firebase/remote-config": "0.8.3", "@firebase/remote-config-compat": "0.2.24", "@firebase/storage": "0.14.3", "@firebase/storage-compat": "0.4.3", "@firebase/util": "1.15.1" } }, "sha512-iutR8ejvAqk6qUClnsPz3U3VIjTWp243AX4cD3iifak5t56to1J29xUIQgSDDzaAqKvhshZerzSahwMQj2TlvA=="],

    "fsevents": ["fsevents@2.3.3", "", { "os": "darwin" }, "sha512-5xoDfX+fL7faATnagmWPpbFtwh/R77WmMMqqHGS65C3vvB0YHrgF+B1YmZ3441tMj5n63k0212XNoJwzlhffQw=="],

    "get-caller-file": ["get-caller-file@2.0.5", "", {}, "sha512-DyFP3BM/3YHTQOCUL/w0OZHR0lpKeGrxotcHWcqNEdnltqFwXVfhEBQ94eIo34AfQpo0rGki4cyIiftY06h2Fg=="],

    "graceful-fs": ["graceful-fs@4.2.11", "", {}, "sha512-RbJ5/jmFcNNCcDV5o9eTnBLJ/HszWV0P73bc+Ff4nS/rJj+YaS6IGyiOL0VoBYX+l1Wrl3k63h/KrH+nhJ0XvQ=="],

    "http-parser-js": ["http-parser-js@0.5.10", "", {}, "sha512-Pysuw9XpUq5dVc/2SMHpuTY01RFl8fttgcyunjL7eEMhGM3cI4eOmiCycJDVCo/7O7ClfQD3SaI6ftDzqOXYMA=="],

    "idb": ["idb@7.1.1", "", {}, "sha512-gchesWBzyvGHRO9W8tzUWFDycow5gwjvFKfyV9FF32Y7F50yZMp7mP+T2mJIWFx49zicqyC4uefHM17o6xKIVQ=="],

    "is-fullwidth-code-point": ["is-fullwidth-code-point@3.0.0", "", {}, "sha512-zymm5+u+sCsSWyD9qNaejV3DFvhCKclKdizYaJUuHA83RLjb7nSuGnddCHGv0hk+KY7BMAlsWeK4Ueg6EV6XQg=="],

    "jiti": ["jiti@2.7.0", "", { "bin": { "jiti": "lib/jiti-cli.mjs" } }, "sha512-AC/7JofJvZGrrneWNaEnJeOLUx+JlGt7tNa0wZiRPT4MY1wmfKjt2+6O2p2uz2+skll8OZZmJMNqeke7kKbNgQ=="],

    "lightningcss": ["lightningcss@1.32.0", "", { "dependencies": { "detect-libc": "^2.0.3" }, "optionalDependencies": { "lightningcss-android-arm64": "1.32.0", "lightningcss-darwin-arm64": "1.32.0", "lightningcss-darwin-x64": "1.32.0", "lightningcss-freebsd-x64": "1.32.0", "lightningcss-linux-arm-gnueabihf": "1.32.0", "lightningcss-linux-arm64-gnu": "1.32.0", "lightningcss-linux-arm64-musl": "1.32.0", "lightningcss-linux-x64-gnu": "1.32.0", "lightningcss-linux-x64-musl": "1.32.0", "lightningcss-win32-arm64-msvc": "1.32.0", "lightningcss-win32-x64-msvc": "1.32.0" } }, "sha512-NXYBzinNrblfraPGyrbPoD19C1h9lfI/1mzgWYvXUTe414Gz/X1FD2XBZSZM7rRTrMA8JL3OtAaGifrIKhQ5yQ=="],

    "lightningcss-android-arm64": ["lightningcss-android-arm64@1.32.0", "", { "os": "android", "cpu": "arm64" }, "sha512-YK7/ClTt4kAK0vo6w3X+Pnm0D2cf2vPHbhOXdoNti1Ga0al1P4TBZhwjATvjNwLEBCnKvjJc2jQgHXH0NEwlAg=="],

    "lightningcss-darwin-arm64": ["lightningcss-darwin-arm64@1.32.0", "", { "os": "darwin", "cpu": "arm64" }, "sha512-RzeG9Ju5bag2Bv1/lwlVJvBE3q6TtXskdZLLCyfg5pt+HLz9BqlICO7LZM7VHNTTn/5PRhHFBSjk5lc4cmscPQ=="],

    "lightningcss-darwin-x64": ["lightningcss-darwin-x64@1.32.0", "", { "os": "darwin", "cpu": "x64" }, "sha512-U+QsBp2m/s2wqpUYT/6wnlagdZbtZdndSmut/NJqlCcMLTWp5muCrID+K5UJ6jqD2BFshejCYXniPDbNh73V8w=="],

    "lightningcss-freebsd-x64": ["lightningcss-freebsd-x64@1.32.0", "", { "os": "freebsd", "cpu": "x64" }, "sha512-JCTigedEksZk3tHTTthnMdVfGf61Fky8Ji2E4YjUTEQX14xiy/lTzXnu1vwiZe3bYe0q+SpsSH/CTeDXK6WHig=="],

    "lightningcss-linux-arm-gnueabihf": ["lightningcss-linux-arm-gnueabihf@1.32.0", "", { "os": "linux", "cpu": "arm" }, "sha512-x6rnnpRa2GL0zQOkt6rts3YDPzduLpWvwAF6EMhXFVZXD4tPrBkEFqzGowzCsIWsPjqSK+tyNEODUBXeeVHSkw=="],

    "lightningcss-linux-arm64-gnu": ["lightningcss-linux-arm64-gnu@1.32.0", "", { "os": "linux", "cpu": "arm64" }, "sha512-0nnMyoyOLRJXfbMOilaSRcLH3Jw5z9HDNGfT/gwCPgaDjnx0i8w7vBzFLFR1f6CMLKF8gVbebmkUN3fa/kQJpQ=="],

    "lightningcss-linux-arm64-musl": ["lightningcss-linux-arm64-musl@1.32.0", "", { "os": "linux", "cpu": "arm64" }, "sha512-UpQkoenr4UJEzgVIYpI80lDFvRmPVg6oqboNHfoH4CQIfNA+HOrZ7Mo7KZP02dC6LjghPQJeBsvXhJod/wnIBg=="],

    "lightningcss-linux-x64-gnu": ["lightningcss-linux-x64-gnu@1.32.0", "", { "os": "linux", "cpu": "x64" }, "sha512-V7Qr52IhZmdKPVr+Vtw8o+WLsQJYCTd8loIfpDaMRWGUZfBOYEJeyJIkqGIDMZPwPx24pUMfwSxxI8phr/MbOA=="],

    "lightningcss-linux-x64-musl": ["lightningcss-linux-x64-musl@1.32.0", "", { "os": "linux", "cpu": "x64" }, "sha512-bYcLp+Vb0awsiXg/80uCRezCYHNg1/l3mt0gzHnWV9XP1W5sKa5/TCdGWaR/zBM2PeF/HbsQv/j2URNOiVuxWg=="],

    "lightningcss-win32-arm64-msvc": ["lightningcss-win32-arm64-msvc@1.32.0", "", { "os": "win32", "cpu": "arm64" }, "sha512-8SbC8BR40pS6baCM8sbtYDSwEVQd4JlFTOlaD3gWGHfThTcABnNDBda6eTZeqbofalIJhFx0qKzgHJmcPTnGdw=="],

    "lightningcss-win32-x64-msvc": ["lightningcss-win32-x64-msvc@1.32.0", "", { "os": "win32", "cpu": "x64" }, "sha512-Amq9B/SoZYdDi1kFrojnoqPLxYhQ4Wo5XiL8EVJrVsB8ARoC1PWW6VGtT0WKCemjy8aC+louJnjS7U18x3b06Q=="],

    "lodash.camelcase": ["lodash.camelcase@4.3.0", "", {}, "sha512-TwuEnCnxbc3rAvhf/LbG7tJUDzhqXyFnv3dtzLOPgCG/hODL7WFnsbwktkD7yUV0RrreP/l1PALq/YSg6VvjlA=="],

    "long": ["long@5.3.2", "", {}, "sha512-mNAgZ1GmyNhD7AuqnTG3/VQ26o760+ZYBPKjPvugO8+nLbYfX6TVpJPseBvopbdY+qpZ/lKUnmEc1LeZYS3QAA=="],

    "magic-string": ["magic-string@0.30.21", "", { "dependencies": { "@jridgewell/sourcemap-codec": "^1.5.5" } }, "sha512-vd2F4YUyEXKGcLHoq+TEyCjxueSeHnFxyyjNp80yg0XV4vUhnDer/lvvlqM/arB5bXQN5K2/3oinyCRyx8T2CQ=="],

    "nanoid": ["nanoid@5.1.11", "", { "bin": { "nanoid": "bin/nanoid.js" } }, "sha512-v+KEsUv2ps74PaSKv0gHTxTCgMXOIfBEbaqa6w6ISIGC7ZsvHN4N9oJ8d4cmf0n5oTzQz2SLmThbQWhjd/8eKg=="],

    "picocolors": ["picocolors@1.1.1", "", {}, "sha512-xceH2snhtb5M9liqDsmEw56le376mTZkEX/jEb/RxNFyegNul7eNslCXP9FDj/Lcu0X8KEyMceP2ntpaHrDEVA=="],

    "picomatch": ["picomatch@4.0.4", "", {}, "sha512-QP88BAKvMam/3NxH6vj2o21R6MjxZUAd6nlwAS/pnGvN9IVLocLHxGYIzFhg6fUQ+5th6P4dv4eW9jX3DSIj7A=="],

    "postcss": ["postcss@8.5.14", "", { "dependencies": { "nanoid": "^3.3.11", "picocolors": "^1.1.1", "source-map-js": "^1.2.1" } }, "sha512-SoSL4+OSEtR99LHFZQiJLkT59C5B1amGO1NzTwj7TT1qCUgUO6hxOvzkOYxD+vMrXBM3XJIKzokoERdqQq/Zmg=="],

    "protobufjs": ["protobufjs@7.5.7", "", { "dependencies": { "@protobufjs/aspromise": "^1.1.2", "@protobufjs/base64": "^1.1.2", "@protobufjs/codegen": "^2.0.5", "@protobufjs/eventemitter": "^1.1.0", "@protobufjs/fetch": "^1.1.0", "@protobufjs/float": "^1.0.2", "@protobufjs/inquire": "^1.1.1", "@protobufjs/path": "^1.1.2", "@protobufjs/pool": "^1.1.0", "@protobufjs/utf8": "^1.1.1", "@types/node": ">=13.7.0", "long": "^5.0.0" } }, "sha512-NGnrxS/nLKUo5nkbVQxlC71sB4hdfImdYIbFeSCidxtwATx0AHRPcANSLd0q5Bb2BkoSWo2iisQhGg5/r+ihbA=="],

    "require-directory": ["require-directory@2.1.1", "", {}, "sha512-fGxEI7+wsG9xrvdjsrlmL22OMTTiHRwAMroiEeMgq8gzoLC/PQr7RsRDSTLUg/bZAZtF+TVIkHc6/4RIKrui+Q=="],

    "rolldown": ["rolldown@1.0.0-rc.18", "", { "dependencies": { "@oxc-project/types": "=0.128.0", "@rolldown/pluginutils": "1.0.0-rc.18" }, "optionalDependencies": { "@rolldown/binding-android-arm64": "1.0.0-rc.18", "@rolldown/binding-darwin-arm64": "1.0.0-rc.18", "@rolldown/binding-darwin-x64": "1.0.0-rc.18", "@rolldown/binding-freebsd-x64": "1.0.0-rc.18", "@rolldown/binding-linux-arm-gnueabihf": "1.0.0-rc.18", "@rolldown/binding-linux-arm64-gnu": "1.0.0-rc.18", "@rolldown/binding-linux-arm64-musl": "1.0.0-rc.18", "@rolldown/binding-linux-ppc64-gnu": "1.0.0-rc.18", "@rolldown/binding-linux-s390x-gnu": "1.0.0-rc.18", "@rolldown/binding-linux-x64-gnu": "1.0.0-rc.18", "@rolldown/binding-linux-x64-musl": "1.0.0-rc.18", "@rolldown/binding-openharmony-arm64": "1.0.0-rc.18", "@rolldown/binding-wasm32-wasi": "1.0.0-rc.18", "@rolldown/binding-win32-arm64-msvc": "1.0.0-rc.18", "@rolldown/binding-win32-x64-msvc": "1.0.0-rc.18" }, "bin": { "rolldown": "bin/cli.mjs" } }, "sha512-phmyKBpuBdRYDf4hgyynGAYn/rDDe+iZXKVJ7WX5b1zQzpLkP5oJRPGsfJuHdzPMlyyEO/4sPW6yfSx2gf7lVg=="],

    "safe-buffer": ["safe-buffer@5.2.1", "", {}, "sha512-rp3So07KcdmmKbGvgaNxQSJr7bGVSVk5S9Eq1F+ppbRo70+YeaDxkw5Dd8NPN+GD6bjnYm2VuPuCXmpuYvmCXQ=="],

    "source-map-js": ["source-map-js@1.2.1", "", {}, "sha512-UXWMKhLOwVKb728IUtQPXxfYU+usdybtUrK/8uGE8CQMvrhOpwvzDBwj0QhSL7MQc7vIsISBG8VQ8+IDQxpfQA=="],

    "string-width": ["string-width@4.2.3", "", { "dependencies": { "emoji-regex": "^8.0.0", "is-fullwidth-code-point": "^3.0.0", "strip-ansi": "^6.0.1" } }, "sha512-wKyQRQpjJ0sIp62ErSZdGsjMJWsap5oRNihHhu6G7JVO/9jIB6UyevL+tXuOqrng8j/cxKTWyWUwvSTriiZz/g=="],

    "strip-ansi": ["strip-ansi@6.0.1", "", { "dependencies": { "ansi-regex": "^5.0.1" } }, "sha512-Y38VPSHcqkFrCpFnQ9vuSXmquuv5oXOKpGeT6aGrr3o3Gc9AlVa6JBfUSOCnbxGGZF+/0ooI7KrPuUSztUdU5A=="],

    "tailwindcss": ["tailwindcss@4.3.0", "", {}, "sha512-y6nxMGB1nMW9R6k96e5gdIFzcfL/gTJRNaqGes1YvkLnPVXzWgbqFF2yLC0T8G774n24cx3Pe8XrKoniCOAH+Q=="],

    "tapable": ["tapable@2.3.3", "", {}, "sha512-uxc/zpqFg6x7C8vOE7lh6Lbda8eEL9zmVm/PLeTPBRhh1xCgdWaQ+J1CUieGpIfm2HdtsUpRv+HshiasBMcc6A=="],

    "tinyglobby": ["tinyglobby@0.2.16", "", { "dependencies": { "fdir": "^6.5.0", "picomatch": "^4.0.4" } }, "sha512-pn99VhoACYR8nFHhxqix+uvsbXineAasWm5ojXoN8xEwK5Kd3/TrhNn1wByuD52UxWRLy8pu+kRMniEi6Eq9Zg=="],

    "tslib": ["tslib@2.8.1", "", {}, "sha512-oJFu94HQb+KVduSUQL7wnpmqnfmLsOA/nAh6b6EH0wCEoK0/mPeXU6c3wKDV83MkOuHPRHtSXKKU99IBazS/2w=="],

    "undici-types": ["undici-types@7.21.0", "", {}, "sha512-w9IMgQrz4O0YN1LtB7K5P63vhlIOvC7opSmouCJ+ZywlPAlO9gIkJ+otk6LvGpAs2wg4econaCz3TvQ9xPoyuQ=="],

    "vite": ["vite@8.0.11", "", { "dependencies": { "lightningcss": "^1.32.0", "picomatch": "^4.0.4", "postcss": "^8.5.14", "rolldown": "1.0.0-rc.18", "tinyglobby": "^0.2.16" }, "optionalDependencies": { "fsevents": "~2.3.3" }, "peerDependencies": { "@types/node": "^20.19.0 || >=22.12.0", "@vitejs/devtools": "^0.1.18", "esbuild": "^0.27.0 || ^0.28.0", "jiti": ">=1.21.0", "less": "^4.0.0", "sass": "^1.70.0", "sass-embedded": "^1.70.0", "stylus": ">=0.54.8", "sugarss": "^5.0.0", "terser": "^5.16.0", "tsx": "^4.8.1", "yaml": "^2.4.2" }, "optionalPeers": ["@types/node", "@vitejs/devtools", "esbuild", "jiti", "less", "sass", "sass-embedded", "stylus", "sugarss", "terser", "tsx", "yaml"], "bin": { "vite": "bin/vite.js" } }, "sha512-Jz1mxtUBR5xTT65VOdJZUUeoyLtqljmFkiUXhPTLZka3RDc9vpi/xXkyrnsdRcm2lIi3l3GPMnAidTsEGIj3Ow=="],

    "web-vitals": ["web-vitals@4.2.4", "", {}, "sha512-r4DIlprAGwJ7YM11VZp4R884m0Vmgr6EAKe3P+kO0PPj3Unqyvv59rczf6UiGcb9Z8QxZVcqKNwv/g0WNdWwsw=="],

    "websocket-driver": ["websocket-driver@0.7.4", "", { "dependencies": { "http-parser-js": ">=0.5.1", "safe-buffer": ">=5.1.0", "websocket-extensions": ">=0.1.1" } }, "sha512-b17KeDIQVjvb0ssuSDF2cYXSg2iztliJ4B9WdsuB6J952qCPKmnVq4DyW5motImXHDC1cBT/1UezrJVsKw5zjg=="],

    "websocket-extensions": ["websocket-extensions@0.1.4", "", {}, "sha512-OqedPIGOfsDlo31UNwYbCFMSaO9m9G/0faIHj5/dZFDMFqPTcx6UwqyOy3COEaEOg/9VsGIpdqn62W5KhoKSpg=="],

    "wrap-ansi": ["wrap-ansi@7.0.0", "", { "dependencies": { "ansi-styles": "^4.0.0", "string-width": "^4.1.0", "strip-ansi": "^6.0.0" } }, "sha512-YVGIj2kamLSTxw6NsZjoBxfSwsn0ycdesmc4p+Q21c5zPuZ1pl+NfxVdxPtdHvmNVOQ6XSYG4AUtyt/Fi7D16Q=="],

    "y18n": ["y18n@5.0.8", "", {}, "sha512-0pfFzegeDWJHJIAmTLRP2DwHjdF5s7jo9tuztdQxAhINCdvS+3nGINqPd00AphqJR/0LhANUS6/+7SCb98YOfA=="],

    "yargs": ["yargs@17.7.2", "", { "dependencies": { "cliui": "^8.0.1", "escalade": "^3.1.1", "get-caller-file": "^2.0.5", "require-directory": "^2.1.1", "string-width": "^4.2.3", "y18n": "^5.0.5", "yargs-parser": "^21.1.1" } }, "sha512-7dSzzRQ++CKnNI/krKnYRV7JKKPUXMEh61soaHKg9mrWEhzFWhFnxPxGl+69cD1Ou63C13NUPCnmIcrvqCuM6w=="],

    "yargs-parser": ["yargs-parser@21.1.1", "", {}, "sha512-tVpsJW7DdjecAiFpbIB1e3qxIQsE6NoPc5/eTdrbbIC4h0LVsWhnoa3g+m2HclBIujHzsxZ4VJVA+GUuc2/LBw=="],

    "@tailwindcss/oxide-wasm32-wasi/@emnapi/core": ["@emnapi/core@1.10.0", "", { "dependencies": { "@emnapi/wasi-threads": "1.2.1", "tslib": "^2.4.0" }, "bundled": true }, "sha512-yq6OkJ4p82CAfPl0u9mQebQHKPJkY7WrIuk205cTYnYe+k2Z8YBh11FrbRG/H6ihirqcacOgl2BIO8oyMQLeXw=="],

    "@tailwindcss/oxide-wasm32-wasi/@emnapi/runtime": ["@emnapi/runtime@1.10.0", "", { "dependencies": { "tslib": "^2.4.0" }, "bundled": true }, "sha512-ewvYlk86xUoGI0zQRNq/mC+16R1QeDlKQy21Ki3oSYXNgLb45GV1P6A0M+/s6nyCuNDqe5VpaY84BzXGwVbwFA=="],

    "@tailwindcss/oxide-wasm32-wasi/@emnapi/wasi-threads": ["@emnapi/wasi-threads@1.2.1", "", { "dependencies": { "tslib": "^2.4.0" }, "bundled": true }, "sha512-uTII7OYF+/Mes/MrcIOYp5yOtSMLBWSIoLPpcgwipoiKbli6k322tcoFsxoIIxPDqW01SQGAgko4EzZi2BNv2w=="],

    "@tailwindcss/oxide-wasm32-wasi/@napi-rs/wasm-runtime": ["@napi-rs/wasm-runtime@1.1.4", "", { "dependencies": { "@tybys/wasm-util": "^0.10.1" }, "peerDependencies": { "@emnapi/core": "^1.7.1", "@emnapi/runtime": "^1.7.1" }, "bundled": true }, "sha512-3NQNNgA1YSlJb/kMH1ildASP9HW7/7kYnRI2szWJaofaS1hWmbGI4H+d3+22aGzXXN9IJ+n+GiFVcGipJP18ow=="],

    "@tailwindcss/oxide-wasm32-wasi/@tybys/wasm-util": ["@tybys/wasm-util@0.10.2", "", { "dependencies": { "tslib": "^2.4.0" }, "bundled": true }, "sha512-RoBvJ2X0wuKlWFIjrwffGw1IqZHKQqzIchKaadZZfnNpsAYp2mM0h36JtPCjNDAHGgYez/15uMBpfGwchhiMgg=="],

    "@tailwindcss/oxide-wasm32-wasi/tslib": ["tslib@2.8.1", "", { "bundled": true }, "sha512-oJFu94HQb+KVduSUQL7wnpmqnfmLsOA/nAh6b6EH0wCEoK0/mPeXU6c3wKDV83MkOuHPRHtSXKKU99IBazS/2w=="],

    "postcss/nanoid": ["nanoid@3.3.12", "", { "bin": { "nanoid": "bin/nanoid.cjs" } }, "sha512-ZB9RH/39qpq5Vu6Y+NmUaFhQR6pp+M2Xt76XBnEwDaGcVAqhlvxrl3B2bKS5D3NH3QR76v3aSrKaF/Kiy7lEtQ=="],
  }
}
